{
  "name": "challenges-mongoose",
  "lockfileVersion": 2,
  "requires": true,
  "packages": {
    "": {
      "dependencies": {
        "minimist-lite": "^2.2.1"
      }
    },
    "node_modules/minimist-lite": {
      "version": "2.2.1",
      "resolved": "https://registry.npmjs.org/minimist-lite/-/minimist-lite-2.2.1.tgz",
      "integrity": "sha512-RSrWIRWGYoM2TDe102s7aIyeSipXMIXKb1fSHYx1tAbxAV0z4g2xR6ra3oPzkTqFb0EIUz1H3A/qvYYeDd+/qQ=="
    }
  },
  "dependencies": {
    "minimist-lite": {
      "version": "2.2.1",
      "resolved": "https://registry.npmjs.org/minimist-lite/-/minimist-lite-2.2.1.tgz",
      "integrity": "sha512-RSrWIRWGYoM2TDe102s7aIyeSipXMIXKb1fSHYx1tAbxAV0z4g2xR6ra3oPzkTqFb0EIUz1H3A/qvYYeDd+/qQ=="
    }
  }
}
